// !$*UTF8*$!
{
	archiveVersion = 1;
	classes = {
	};
	objectVersion = 46;
	objects = {

/* Begin PBXBuildFile section */
		4AB71F67160454A9002F1C34 /* UIKit.framework in Frameworks */ = {isa = PBXBuildFile; fileRef = 4AB71F66160454A9002F1C34 /* UIKit.framework */; };
		4AB71F69160454A9002F1C34 /* Foundation.framework in Frameworks */ = {isa = PBXBuildFile; fileRef = 4AB71F68160454A9002F1C34 /* Foundation.framework */; };
		4AB71F6B160454A9002F1C34 /* CoreGraphics.framework in Frameworks */ = {isa = PBXBuildFile; fileRef = 4AB71F6A160454A9002F1C34 /* CoreGraphics.framework */; };
		4AB71F71160454A9002F1C34 /* InfoPlist.strings in Resources */ = {isa = PBXBuildFile; fileRef = 4AB71F6F160454A9002F1C34 /* InfoPlist.strings */; };
		4AB71F73160454A9002F1C34 /* main.m in Sources */ = {isa = PBXBuildFile; fileRef = 4AB71F72160454A9002F1C34 /* main.m */; };
		4AB71F77160454A9002F1C34 /* LOLAppDelegate.m in Sources */ = {isa = PBXBuildFile; fileRef = 4AB71F76160454A9002F1C34 /* LOLAppDelegate.m */; };
		4AB71F7A160454A9002F1C34 /* MainWindow.xib in Resources */ = {isa = PBXBuildFile; fileRef = 4AB71F78160454A9002F1C34 /* MainWindow.xib */; };
		4AB71F7D160454A9002F1C34 /* RootViewController.m in Sources */ = {isa = PBXBuildFile; fileRef = 4AB71F7C160454A9002F1C34 /* RootViewController.m */; };
		4AB71F80160454A9002F1C34 /* RootViewController.xib in Resources */ = {isa = PBXBuildFile; fileRef = 4AB71F7E160454A9002F1C34 /* RootViewController.xib */; };
/* End PBXBuildFile section */

/* Begin PBXFileReference section */
		4AB71F62160454A9002F1C34 /* LOL.app */ = {isa = PBXFileReference; explicitFileType = wrapper.application; includeInIndex = 0; path = LOL.app; sourceTree = BUILT_PRODUCTS_DIR; };
		4AB71F66160454A9002F1C34 /* UIKit.framework */ = {isa = PBXFileReference; lastKnownFileType = wrapper.framework; name = UIKit.framework; path = System/Library/Frameworks/UIKit.framework; sourceTree = SDKROOT; };
		4AB71F68160454A9002F1C34 /* Foundation.framework */ = {isa = PBXFileReference; lastKnownFileType = wrapper.framework; name = Foundation.framework; path = System/Library/Frameworks/Foundation.framework; sourceTree = SDKROOT; };
		4AB71F6A160454A9002F1C34 /* CoreGraphics.framework */ = {isa = PBXFileReference; lastKnownFileType = wrapper.framework; name = CoreGraphics.framework; path = System/Library/Frameworks/CoreGraphics.framework; sourceTree = SDKROOT; };
		4AB71F6E160454A9002F1C34 /* LOL-Info.plist */ = {isa = PBXFileReference; path = "LOL-Info.plist"; sourceTree = "<group>"; };
		4AB71F70160454A9002F1C34 /* en */ = {isa = PBXFileReference; lastKnownFileType = text.plist.strings; name = en; path = en.lproj/InfoPlist.strings; sourceTree = "<group>"; };
		4AB71F72160454A9002F1C34 /* main.m */ = {isa = PBXFileReference; lastKnownFileType = sourcecode.c.objc; path = main.m; sourceTree = "<group>"; };
		4AB71F74160454A9002F1C34 /* LOL-Prefix.pch */ = {isa = PBXFileReference; path = "LOL-Prefix.pch"; sourceTree = "<group>"; };
		4AB71F75160454A9002F1C34 /* LOLAppDelegate.h */ = {isa = PBXFileReference; path = LOLAppDelegate.h; sourceTree = "<group>"; };
		4AB71F76160454A9002F1C34 /* LOLAppDelegate.m */ = {isa = PBXFileReference; lastKnownFileType = sourcecode.c.objc; path = LOLAppDelegate.m; sourceTree = "<group>"; };
		4AB71F79160454A9002F1C34 /* en */ = {isa = PBXFileReference; lastKnownFileType = file.xib; name = en; path = en.lproj/MainWindow.xib; sourceTree = "<group>"; };
		4AB71F7B160454A9002F1C34 /* RootViewController.h */ = {isa = PBXFileReference; path = RootViewController.h; sourceTree = "<group>"; };
		4AB71F7C160454A9002F1C34 /* RootViewController.m */ = {isa = PBXFileReference; lastKnownFileType = sourcecode.c.objc; path = RootViewController.m; sourceTree = "<group>"; };
		4AB71F7F160454A9002F1C34 /* en */ = {isa = PBXFileReference; lastKnownFileType = file.xib; name = en; path = en.lproj/RootViewController.xib; sourceTree = "<group>"; };
/* End PBXFileReference section */

/* Begin PBXFrameworksBuildPhase section */
		4AB71F5F160454A9002F1C34 /* Frameworks */ = {
			isa = PBXFrameworksBuildPhase;
			buildActionMask = 2147483647;
			files = (
				4AB71F67160454A9002F1C34 /* UIKit.framework in Frameworks */,
				4AB71F69160454A9002F1C34 /* Foundation.framework in Frameworks */,
				4AB71F6B160454A9002F1C34 /* CoreGraphics.framework in Frameworks */,
			);
			runOnlyForDeploymentPostprocessing = 0;
		};
/* End PBXFrameworksBuildPhase section */

/* Begin PBXGroup section */
		4AB71F57160454A9002F1C34 = {
			isa = PBXGroup;
			children = (
				4AB71F6C160454A9002F1C34 /* LOL */,
				4AB71F65160454A9002F1C34 /* Frameworks */,
				4AB71F63160454A9002F1C34 /* Products */,
			);
			sourceTree = "<group>";
		};
		4AB71F63160454A9002F1C34 /* Products */ = {
			isa = PBXGroup;
			children = (
				4AB71F62160454A9002F1C34 /* LOL.app */,
			);
			name = Products;
			sourceTree = "<group>";
		};
		4AB71F65160454A9002F1C34 /* Frameworks */ = {
			isa = PBXGroup;
			children = (
				4AB71F66160454A9002F1C34 /* UIKit.framework */,
				4AB71F68160454A9002F1C34 /* Foundation.framework */,
				4AB71F6A160454A9002F1C34 /* CoreGraphics.framework */,
			);
			name = Frameworks;
			sourceTree = "<group>";
		};
		4AB71F6C160454A9002F1C34 /* LOL */ = {
			isa = PBXGroup;
			children = (
				4AB71F75160454A9002F1C34 /* LOLAppDelegate.h */,
				4AB71F76160454A9002F1C34 /* LOLAppDelegate.m */,
				4AB71F78160454A9002F1C34 /* MainWindow.xib */,
				4AB71F7B160454A9002F1C34 /* RootViewController.h */,
				4AB71F7C160454A9002F1C34 /* RootViewController.m */,
				4AB71F7E160454A9002F1C34 /* RootViewController.xib */,
				4AB71F6D160454A9002F1C34 /* Supporting Files */,
			);
			path = LOL;
			sourceTree = "<group>";
		};
		4AB71F6D160454A9002F1C34 /* Supporting Files */ = {
			isa = PBXGroup;
			children = (
				4AB71F6E160454A9002F1C34 /* LOL-Info.plist */,
				4AB71F6F160454A9002F1C34 /* InfoPlist.strings */,
				4AB71F72160454A9002F1C34 /* main.m */,
				4AB71F74160454A9002F1C34 /* LOL-Prefix.pch */,
			);
			name = "Supporting Files";
			sourceTree = "<group>";
		};
/* End PBXGroup section */

/* Begin PBXNativeTarget section */
		4AB71F61160454A9002F1C34 /* LOL */ = {
			isa = PBXNativeTarget;
			buildConfigurationList = 4AB71F83160454A9002F1C34 /* Build configuration list for PBXNativeTarget "LOL" */;
			buildPhases = (
				4AB71F5E160454A9002F1C34 /* Sources */,
				4AB71F5F160454A9002F1C34 /* Frameworks */,
				4AB71F60160454A9002F1C34 /* Resources */,
			);
			buildRules = (
			);
			dependencies = (
			);
			name = LOL;
			productName = LOL;
			productReference = 4AB71F62160454A9002F1C34 /* LOL.app */;
			productType = "com.apple.product-type.application";
		};
/* End PBXNativeTarget section */

/* Begin PBXProject section */
		4AB71F59160454A9002F1C34 /* Project object */ = {
			isa = PBXProject;
			buildConfigurationList = 4AB71F5C160454A9002F1C34 /* Build configuration list for PBXProject "LOL" */;
			compatibilityVersion = "Xcode 3.2";
			developmentRegion = English;
			hasScannedForEncodings = 0;
			knownRegions = (
				en,
			);
			mainGroup = 4AB71F57160454A9002F1C34;
			productRefGroup = 4AB71F63160454A9002F1C34 /* Products */;
			projectDirPath = "";
			projectRoot = "";
			targets = (
				4AB71F61160454A9002F1C34 /* LOL */,
			);
		};
/* End PBXProject section */

/* Begin PBXResourcesBuildPhase section */
		4AB71F60160454A9002F1C34 /* Resources */ = {
			isa = PBXResourcesBuildPhase;
			buildActionMask = 2147483647;
			files = (
				4AB71F71160454A9002F1C34 /* InfoPlist.strings in Resources */,
				4AB71F7A160454A9002F1C34 /* MainWindow.xib in Resources */,
				4AB71F80160454A9002F1C34 /* RootViewController.xib in Resources */,
			);
			runOnlyForDeploymentPostprocessing = 0;
		};
/* End PBXResourcesBuildPhase section */

/* Begin PBXSourcesBuildPhase section */
		4AB71F5E160454A9002F1C34 /* Sources */ = {
			isa = PBXSourcesBuildPhase;
			buildActionMask = 2147483647;
			files = (
				4AB71F73160454A9002F1C34 /* main.m in Sources */,
				4AB71F77160454A9002F1C34 /* LOLAppDelegate.m in Sources */,
				4AB71F7D160454A9002F1C34 /* RootViewController.m in Sources */,
			);
			runOnlyForDeploymentPostprocessing = 0;
		};
/* End PBXSourcesBuildPhase section */

/* Begin PBXVariantGroup section */
		4AB71F6F160454A9002F1C34 /* InfoPlist.strings */ = {
			isa = PBXVariantGroup;
			children = (
				4AB71F70160454A9002F1C34 /* en */,
			);
			name = InfoPlist.strings;
			sourceTree = "<group>";
		};
		4AB71F78160454A9002F1C34 /* MainWindow.xib */ = {
			isa = PBXVariantGroup;
			children = (
				4AB71F79160454A9002F1C34 /* en */,
			);
			name = MainWindow.xib;
			sourceTree = "<group>";
		};
		4AB71F7E160454A9002F1C34 /* RootViewController.xib */ = {
			isa = PBXVariantGroup;
			children = (
				4AB71F7F160454A9002F1C34 /* en */,
			);
			name = RootViewController.xib;
			sourceTree = "<group>";
		};
/* End PBXVariantGroup section */

/* Begin XCBuildConfiguration section */
		4AB71F81160454A9002F1C34 /* Debug */ = {
			isa = XCBuildConfiguration;
			buildSettings = {
				ALWAYS_SEARCH_USER_PATHS = NO;
				ARCHS = "$(ARCHS_STANDARD_32_BIT)";
				"CODE_SIGN_IDENTITY[sdk=iphoneos*]" = "iPhone Developer";
				COPY_PHASE_STRIP = NO;
				GCC_C_LANGUAGE_STANDARD = gnu99;
				GCC_DYNAMIC_NO_PIC = NO;
				GCC_OPTIMIZATION_LEVEL = 0;
				GCC_PREPROCESSOR_DEFINITIONS = (
					"DEBUG=1",
					"$(inherited)",
				);
				GCC_SYMBOLS_PRIVATE_EXTERN = NO;
				GCC_VERSION = com.apple.compilers.llvmgcc42;
				GCC_WARN_ABOUT_MISSING_PROTOTYPES = YES;
				GCC_WARN_ABOUT_RETURN_TYPE = YES;
				GCC_WARN_UNUSED_VARIABLE = YES;
				IPHONEOS_DEPLOYMENT_TARGET = 4.3;
				SDKROOT = iphoneos;
			};
			name = Debug;
		};
		4AB71F82160454A9002F1C34 /* Release */ = {
			isa = XCBuildConfiguration;
			buildSettings = {
				ALWAYS_SEARCH_USER_PATHS = NO;
				ARCHS = "$(ARCHS_STANDARD_32_BIT)";
				"CODE_SIGN_IDENTITY[sdk=iphoneos*]" = "iPhone Developer";
				COPY_PHASE_STRIP = YES;
				GCC_C_LANGUAGE_STANDARD = gnu99;
				GCC_VERSION = com.apple.compilers.llvmgcc42;
				GCC_WARN_ABOUT_MISSING_PROTOTYPES = YES;
				GCC_WARN_ABOUT_RETURN_TYPE = YES;
				GCC_WARN_UNUSED_VARIABLE = YES;
				IPHONEOS_DEPLOYMENT_TARGET = 4.3;
				OTHER_CFLAGS = "-DNS_BLOCK_ASSERTIONS=1";
				SDKROOT = iphoneos;
				VALIDATE_PRODUCT = YES;
			};
			name = Release;
		};
		4AB71F84160454A9002F1C34 /* Debug */ = {
			isa = XCBuildConfiguration;
			buildSettings = {
				GCC_PRECOMPILE_PREFIX_HEADER = YES;
				GCC_PREFIX_HEADER = "LOL/LOL-Prefix.pch";
				INFOPLIST_FILE = "LOL/LOL-Info.plist";
				PRODUCT_NAME = "$(TARGET_NAME)";
				WRAPPER_EXTENSION = app;
			};
			name = Debug;
		};
		4AB71F85160454A9002F1C34 /* Release */ = {
			isa = XCBuildConfiguration;
			buildSettings = {
				GCC_PRECOMPILE_PREFIX_HEADER = YES;
				GCC_PREFIX_HEADER = "LOL/LOL-Prefix.pch";
				INFOPLIST_FILE = "LOL/LOL-Info.plist";
				PRODUCT_NAME = "$(TARGET_NAME)";
				WRAPPER_EXTENSION = app;
			};
			name = Release;
		};
/* End XCBuildConfiguration section */

/* Begin XCConfigurationList section */
		4AB71F5C160454A9002F1C34 /* Build configuration list for PBXProject "LOL" */ = {
			isa = XCConfigurationList;
			buildConfigurations = (
				4AB71F81160454A9002F1C34 /* Debug */,
				4AB71F82160454A9002F1C34 /* Release */,
			);
			defaultConfigurationIsVisible = 0;
			defaultConfigurationName = Release;
		};
		4AB71F83160454A9002F1C34 /* Build configuration list for PBXNativeTarget "LOL" */ = {
			isa = XCConfigurationList;
			buildConfigurations = (
				4AB71F84160454A9002F1C34 /* Debug */,
				4AB71F85160454A9002F1C34 /* Release */,
			);
			defaultConfigurationIsVisible = 0;
		};
/* End XCConfigurationList section */
	};
	rootObject = 4AB71F59160454A9002F1C34 /* Project object */;
}
